
Microsoft Visual Studio Solution File, Format Version 12.00
# Visual Studio Version 16
VisualStudioVersion = 16.0.29318.209
MinimumVisualStudioVersion = 10.0.40219.1
Project("{9A19103F-16F7-4668-BE54-9A1E7A4F7556}") = "bankAccount", "bankAccount.csproj", "{E2EEEB56-E222-4EE0-BF1E-7F7B3AEBD542}"
EndProject
Global
	GlobalSection(SolutionConfigurationPlatforms) = preSolution
		Debug|Any CPU = Debug|Any CPU
		Release|Any CPU = Release|Any CPU
	EndGlobalSection
	GlobalSection(ProjectConfigurationPlatforms) = postSolution
		{E2EEEB56-E222-4EE0-BF1E-7F7B3AEBD542}.Debug|Any CPU.ActiveCfg = Debug|Any CPU
		{E2EEEB56-E222-4EE0-BF1E-7F7B3AEBD542}.Debug|Any CPU.Build.0 = Debug|Any CPU
		{E2EEEB56-E222-4EE0-BF1E-7F7B3AEBD542}.Release|Any CPU.ActiveCfg = Release|Any CPU
		{E2EEEB56-E222-4EE0-BF1E-7F7B3AEBD542}.Release|Any CPU.Build.0 = Release|Any CPU
	EndGlobalSection
	GlobalSection(SolutionProperties) = preSolution
		HideSolutionNode = FALSE
	EndGlobalSection
	GlobalSection(ExtensibilityGlobals) = postSolution
		SolutionGuid = {68FE4CE5-CC86-465D-9279-92DDB45598A8}
	EndGlobalSection
EndGlobal
